
Microsoft Visual Studio Solution File, Format Version 12.00
# Visual Studio Version 16
VisualStudioVersion = 16.0.31321.278
MinimumVisualStudioVersion = 10.0.40219.1
Project("{FAE04EC0-301F-11D3-BF4B-00C04F79EFBC}") = "myftp", "myftp\myftp.csproj", "{93CB2F81-E8BC-48D4-96EF-E3700384F968}"
EndProject
Global
	GlobalSection(SolutionConfigurationPlatforms) = preSolution
		Debug|Any CPU = Debug|Any CPU
		Release|Any CPU = Release|Any CPU
	EndGlobalSection
	GlobalSection(ProjectConfigurationPlatforms) = postSolution
		{93CB2F81-E8BC-48D4-96EF-E3700384F968}.Debug|Any CPU.ActiveCfg = Debug|Any CPU
		{93CB2F81-E8BC-48D4-96EF-E3700384F968}.Debug|Any CPU.Build.0 = Debug|Any CPU
		{93CB2F81-E8BC-48D4-96EF-E3700384F968}.Release|Any CPU.ActiveCfg = Release|Any CPU
		{93CB2F81-E8BC-48D4-96EF-E3700384F968}.Release|Any CPU.Build.0 = Release|Any CPU
	EndGlobalSection
	GlobalSection(SolutionProperties) = preSolution
		HideSolutionNode = FALSE
	EndGlobalSection
	GlobalSection(ExtensibilityGlobals) = postSolution
		SolutionGuid = {87AA9AB8-9590-437D-9778-2465856D8C7A}
	EndGlobalSection
EndGlobal
